
Microsoft Visual Studio Solution File, Format Version 12.00
# Visual Studio 15
Project("{FAE04EC0-301F-11D3-BF4B-00C04F79EFBC}") = "PhotonUnityNetworking.Utilities", "PhotonUnityNetworking.Utilities.csproj", "{AE333999-62C1-9440-D513-68CABD7B4967}"
EndProject
Project("{FAE04EC0-301F-11D3-BF4B-00C04F79EFBC}") = "Assembly-CSharp", "Assembly-CSharp.csproj", "{558E0591-3F78-DEBD-2CCF-211AF6B1B796}"
EndProject
Project("{FAE04EC0-301F-11D3-BF4B-00C04F79EFBC}") = "PhotonUnityNetworking.Demos", "PhotonUnityNetworking.Demos.csproj", "{8C4E4A9A-D2DD-37A2-78A5-5B64BC24D330}"
EndProject
Project("{FAE04EC0-301F-11D3-BF4B-00C04F79EFBC}") = "PhotonUnityNetworking", "PhotonUnityNetworking.csproj", "{33DD3BE4-713C-6066-F440-977B5FD76580}"
EndProject
Project("{FAE04EC0-301F-11D3-BF4B-00C04F79EFBC}") = "PhotonChat", "PhotonChat.csproj", "{84DA036C-FD2D-6478-DD05-FA9A36703564}"
EndProject
Project("{FAE04EC0-301F-11D3-BF4B-00C04F79EFBC}") = "PhotonRealtime", "PhotonRealtime.csproj", "{8E33FFA5-883C-2CE6-6F78-CB22E85BA0AA}"
EndProject
Project("{FAE04EC0-301F-11D3-BF4B-00C04F79EFBC}") = "PhotonUnityNetworking.Editor", "PhotonUnityNetworking.Editor.csproj", "{6A38DA16-E707-0A0B-1533-B2F00CCBBA4F}"
EndProject
Project("{FAE04EC0-301F-11D3-BF4B-00C04F79EFBC}") = "PhotonUnityNetworking.Utilities.PhotonPlayer.Editor", "PhotonUnityNetworking.Utilities.PhotonPlayer.Editor.csproj", "{6629BACE-C42D-6E47-1355-D468E242AACE}"
EndProject
Project("{FAE04EC0-301F-11D3-BF4B-00C04F79EFBC}") = "PunDemos.DemoSlotcarEditor", "PunDemos.DemoSlotcarEditor.csproj", "{87CC9119-D25D-2E3A-8457-B286AEC2A21E}"
EndProject
Project("{FAE04EC0-301F-11D3-BF4B-00C04F79EFBC}") = "PhotonUnityNetworking.Utilities.Culling.Editor", "PhotonUnityNetworking.Utilities.Culling.Editor.csproj", "{3328095A-3F3E-769F-E954-029B1FF97F3B}"
EndProject
Project("{FAE04EC0-301F-11D3-BF4B-00C04F79EFBC}") = "PunDemos.DemoHubEditor", "PunDemos.DemoHubEditor.csproj", "{9F55C7D3-0A76-7356-7F16-3D2F3D749EA2}"
EndProject
Global
	GlobalSection(SolutionConfigurationPlatforms) = preSolution
		Debug|Any CPU = Debug|Any CPU
		Release|Any CPU = Release|Any CPU
	EndGlobalSection
	GlobalSection(ProjectConfigurationPlatforms) = postSolution
		{AE333999-62C1-9440-D513-68CABD7B4967}.Debug|Any CPU.ActiveCfg = Debug|Any CPU
		{AE333999-62C1-9440-D513-68CABD7B4967}.Debug|Any CPU.Build.0 = Debug|Any CPU
		{AE333999-62C1-9440-D513-68CABD7B4967}.Release|Any CPU.ActiveCfg = Release|Any CPU
		{AE333999-62C1-9440-D513-68CABD7B4967}.Release|Any CPU.Build.0 = Release|Any CPU
		{558E0591-3F78-DEBD-2CCF-211AF6B1B796}.Debug|Any CPU.ActiveCfg = Debug|Any CPU
		{558E0591-3F78-DEBD-2CCF-211AF6B1B796}.Debug|Any CPU.Build.0 = Debug|Any CPU
		{558E0591-3F78-DEBD-2CCF-211AF6B1B796}.Release|Any CPU.ActiveCfg = Release|Any CPU
		{558E0591-3F78-DEBD-2CCF-211AF6B1B796}.Release|Any CPU.Build.0 = Release|Any CPU
		{8C4E4A9A-D2DD-37A2-78A5-5B64BC24D330}.Debug|Any CPU.ActiveCfg = Debug|Any CPU
		{8C4E4A9A-D2DD-37A2-78A5-5B64BC24D330}.Debug|Any CPU.Build.0 = Debug|Any CPU
		{8C4E4A9A-D2DD-37A2-78A5-5B64BC24D330}.Release|Any CPU.ActiveCfg = Release|Any CPU
		{8C4E4A9A-D2DD-37A2-78A5-5B64BC24D330}.Release|Any CPU.Build.0 = Release|Any CPU
		{33DD3BE4-713C-6066-F440-977B5FD76580}.Debug|Any CPU.ActiveCfg = Debug|Any CPU
		{33DD3BE4-713C-6066-F440-977B5FD76580}.Debug|Any CPU.Build.0 = Debug|Any CPU
		{33DD3BE4-713C-6066-F440-977B5FD76580}.Release|Any CPU.ActiveCfg = Release|Any CPU
		{33DD3BE4-713C-6066-F440-977B5FD76580}.Release|Any CPU.Build.0 = Release|Any CPU
		{84DA036C-FD2D-6478-DD05-FA9A36703564}.Debug|Any CPU.ActiveCfg = Debug|Any CPU
		{84DA036C-FD2D-6478-DD05-FA9A36703564}.Debug|Any CPU.Build.0 = Debug|Any CPU
		{84DA036C-FD2D-6478-DD05-FA9A36703564}.Release|Any CPU.ActiveCfg = Release|Any CPU
		{84DA036C-FD2D-6478-DD05-FA9A36703564}.Release|Any CPU.Build.0 = Release|Any CPU
		{8E33FFA5-883C-2CE6-6F78-CB22E85BA0AA}.Debug|Any CPU.ActiveCfg = Debug|Any CPU
		{8E33FFA5-883C-2CE6-6F78-CB22E85BA0AA}.Debug|Any CPU.Build.0 = Debug|Any CPU
		{8E33FFA5-883C-2CE6-6F78-CB22E85BA0AA}.Release|Any CPU.ActiveCfg = Release|Any CPU
		{8E33FFA5-883C-2CE6-6F78-CB22E85BA0AA}.Release|Any CPU.Build.0 = Release|Any CPU
		{6A38DA16-E707-0A0B-1533-B2F00CCBBA4F}.Debug|Any CPU.ActiveCfg = Debug|Any CPU
		{6A38DA16-E707-0A0B-1533-B2F00CCBBA4F}.Debug|Any CPU.Build.0 = Debug|Any CPU
		{6A38DA16-E707-0A0B-1533-B2F00CCBBA4F}.Release|Any CPU.ActiveCfg = Release|Any CPU
		{6A38DA16-E707-0A0B-1533-B2F00CCBBA4F}.Release|Any CPU.Build.0 = Release|Any CPU
		{6629BACE-C42D-6E47-1355-D468E242AACE}.Debug|Any CPU.ActiveCfg = Debug|Any CPU
		{6629BACE-C42D-6E47-1355-D468E242AACE}.Debug|Any CPU.Build.0 = Debug|Any CPU
		{6629BACE-C42D-6E47-1355-D468E242AACE}.Release|Any CPU.ActiveCfg = Release|Any CPU
		{6629BACE-C42D-6E47-1355-D468E242AACE}.Release|Any CPU.Build.0 = Release|Any CPU
		{87CC9119-D25D-2E3A-8457-B286AEC2A21E}.Debug|Any CPU.ActiveCfg = Debug|Any CPU
		{87CC9119-D25D-2E3A-8457-B286AEC2A21E}.Debug|Any CPU.Build.0 = Debug|Any CPU
		{87CC9119-D25D-2E3A-8457-B286AEC2A21E}.Release|Any CPU.ActiveCfg = Release|Any CPU
		{87CC9119-D25D-2E3A-8457-B286AEC2A21E}.Release|Any CPU.Build.0 = Release|Any CPU
		{3328095A-3F3E-769F-E954-029B1FF97F3B}.Debug|Any CPU.ActiveCfg = Debug|Any CPU
		{3328095A-3F3E-769F-E954-029B1FF97F3B}.Debug|Any CPU.Build.0 = Debug|Any CPU
		{3328095A-3F3E-769F-E954-029B1FF97F3B}.Release|Any CPU.ActiveCfg = Release|Any CPU
		{3328095A-3F3E-769F-E954-029B1FF97F3B}.Release|Any CPU.Build.0 = Release|Any CPU
		{9F55C7D3-0A76-7356-7F16-3D2F3D749EA2}.Debug|Any CPU.ActiveCfg = Debug|Any CPU
		{9F55C7D3-0A76-7356-7F16-3D2F3D749EA2}.Debug|Any CPU.Build.0 = Debug|Any CPU
		{9F55C7D3-0A76-7356-7F16-3D2F3D749EA2}.Release|Any CPU.ActiveCfg = Release|Any CPU
		{9F55C7D3-0A76-7356-7F16-3D2F3D749EA2}.Release|Any CPU.Build.0 = Release|Any CPU
	EndGlobalSection
	GlobalSection(SolutionProperties) = preSolution
		HideSolutionNode = FALSE
	EndGlobalSection
EndGlobal
